<?xml version="1.0" encoding="utf-8"?>
<Project ToolsVersion="4.0" xmlns="http://schemas.microsoft.com/developer/msbuild/2003">
  <ItemGroup>
    <Filter Include="Source Files">
      <UniqueIdentifier>{4FC737F1-C7A5-4376-A066-2A32D752A2FF}</UniqueIdentifier>
      <Extensions>cpp;c;cc;cxx;def;odl;idl;hpj;bat;asm;asmx</Extensions>
    </Filter>
    <Filter Include="Header Files">
      <UniqueIdentifier>{93995380-89BD-4b04-88EB-625FBE52EBFB}</UniqueIdentifier>
      <Extensions>h;hh;hpp;hxx;hm;inl;inc;xsd</Extensions>
    </Filter>
    <Filter Include="Resource Files">
      <UniqueIdentifier>{67DA6AB6-F800-4c08-8B7A-83BB121AAD01}</UniqueIdentifier>
      <Extensions>rc;ico;cur;bmp;dlg;rc2;rct;bin;rgs;gif;jpg;jpeg;jpe;resx;tiff;tif;png;wav;mfcribbon-ms</Extensions>
    </Filter>
  </ItemGroup>
  <ItemGroup>
    <ClCompile Include="classes\Wave.cpp">
      <Filter>Source Files</Filter>
    </ClCompile>
    <ClCompile Include="classes\Unit.cpp">
      <Filter>Source Files</Filter>
    </ClCompile>
    <ClCompile Include="classes\Tower.cpp">
      <Filter>Source Files</Filter>
    </ClCompile>
    <ClCompile Include="classes\Shot.cpp">
      <Filter>Source Files</Filter>
    </ClCompile>
    <ClCompile Include="classes\IndustrialBuilding.cpp">
      <Filter>Source Files</Filter>
    </ClCompile>
    <ClCompile Include="classes\Level.cpp">
      <Filter>Source Files</Filter>
    </ClCompile>
    <ClCompile Include="classes\LTexture.cpp">
      <Filter>Source Files</Filter>
    </ClCompile>
    <ClCompile Include="classes\Map.cpp">
      <Filter>Source Files</Filter>
    </ClCompile>
    <ClCompile Include="classes\Menu.cpp">
      <Filter>Source Files</Filter>
    </ClCompile>
    <ClCompile Include="classes\Ressources.cpp">
      <Filter>Source Files</Filter>
    </ClCompile>
    <ClCompile Include="classes\Building.cpp">
      <Filter>Source Files</Filter>
    </ClCompile>
    <ClCompile Include="classes\Button.cpp">
      <Filter>Source Files</Filter>
    </ClCompile>
    <ClCompile Include="classes\Damage.cpp">
      <Filter>Source Files</Filter>
    </ClCompile>
    <ClCompile Include="classes\Defense.cpp">
      <Filter>Source Files</Filter>
    </ClCompile>
    <ClCompile Include="classes\Game.cpp">
      <Filter>Source Files</Filter>
    </ClCompile>
    <ClCompile Include="main.cpp">
      <Filter>Source Files</Filter>
    </ClCompile>
    <ClCompile Include="classes\Chameleon.cpp">
      <Filter>Source Files</Filter>
    </ClCompile>
    <ClCompile Include="classes\ConfigFile.cpp">
      <Filter>Source Files</Filter>
    </ClCompile>
    <ClCompile Include="classes\SDLMappy.cpp">
      <Filter>Source Files</Filter>
    </ClCompile>
    <ClCompile Include="classes\SDL_setup.cpp">
      <Filter>Source Files</Filter>
    </ClCompile>
    <ClCompile Include="classes\MonsterGroup.cpp">
      <Filter>Source Files</Filter>
    </ClCompile>
    <ClCompile Include="classes\Enemy.cpp">
      <Filter>Source Files</Filter>
    </ClCompile>
    <ClCompile Include="classes\Textures.cpp">
      <Filter>Source Files</Filter>
    </ClCompile>
  </ItemGroup>
  <ItemGroup>
    <ClInclude Include="headers\Level.h">
      <Filter>Header Files</Filter>
    </ClInclude>
    <ClInclude Include="headers\LTexture.h">
      <Filter>Header Files</Filter>
    </ClInclude>
    <ClInclude Include="headers\Map.h">
      <Filter>Header Files</Filter>
    </ClInclude>
    <ClInclude Include="headers\Menu.h">
      <Filter>Header Files</Filter>
    </ClInclude>
    <ClInclude Include="headers\Ressources.h">
      <Filter>Header Files</Filter>
    </ClInclude>
    <ClInclude Include="headers\SDL_setup.h">
      <Filter>Header Files</Filter>
    </ClInclude>
    <ClInclude Include="headers\Shot.h">
      <Filter>Header Files</Filter>
    </ClInclude>
    <ClInclude Include="headers\Tower.h">
      <Filter>Header Files</Filter>
    </ClInclude>
    <ClInclude Include="headers\Unit.h">
      <Filter>Header Files</Filter>
    </ClInclude>
    <ClInclude Include="headers\Wave.h">
      <Filter>Header Files</Filter>
    </ClInclude>
    <ClInclude Include="headers\Building.h">
      <Filter>Header Files</Filter>
    </ClInclude>
    <ClInclude Include="headers\Button.h">
      <Filter>Header Files</Filter>
    </ClInclude>
    <ClInclude Include="headers\Damage.h">
      <Filter>Header Files</Filter>
    </ClInclude>
    <ClInclude Include="headers\Defense.h">
      <Filter>Header Files</Filter>
    </ClInclude>
    <ClInclude Include="headers\Game.h">
      <Filter>Header Files</Filter>
    </ClInclude>
    <ClInclude Include="headers\IndustrialBuilding.h">
      <Filter>Header Files</Filter>
    </ClInclude>
    <ClInclude Include="headers\ConfigFile.h">
      <Filter>Header Files</Filter>
    </ClInclude>
    <ClInclude Include="headers\Chameleon.h">
      <Filter>Header Files</Filter>
    </ClInclude>
    <ClInclude Include="headers\SDLMappy.h">
      <Filter>Header Files</Filter>
    </ClInclude>
    <ClInclude Include="headers\MonsterGroup.h">
      <Filter>Header Files</Filter>
    </ClInclude>
    <ClInclude Include="headers\Enemy.h">
      <Filter>Header Files</Filter>
    </ClInclude>
    <ClInclude Include="headers\Textures.h">
      <Filter>Header Files</Filter>
    </ClInclude>
  </ItemGroup>
  <ItemGroup>
    <None Include="config\game.cfg">
      <Filter>Resource Files</Filter>
    </None>
    <None Include="level\Level1.FMP">
      <Filter>Resource Files</Filter>
    </None>
    <None Include="resources\LinkMonster.cfg">
      <Filter>Resource Files</Filter>
    </None>
  </ItemGroup>
  <ItemGroup>
    <Image Include="resources\background.bmp">
      <Filter>Resource Files</Filter>
    </Image>
    <Image Include="resources\LinkMonster.png">
      <Filter>Resource Files</Filter>
    </Image>
  </ItemGroup>
</Project>